
Microsoft Visual Studio Solution File, Format Version 12.00
# Visual Studio Version 16
VisualStudioVersion = 16.0.31702.278
MinimumVisualStudioVersion = 10.0.40219.1
Project("{FAE04EC0-301F-11D3-BF4B-00C04F79EFBC}") = "Zadanie A", "Zadanie A\Zadanie A.csproj", "{8A43E1C6-4708-4459-8613-0983D506AA6F}"
EndProject
Project("{FAE04EC0-301F-11D3-BF4B-00C04F79EFBC}") = "Motoryzacja", "Motoryzacja\Motoryzacja.csproj", "{FC14E90D-FDF6-4CAE-8D01-AFAD48026DF9}"
EndProject
Global
	GlobalSection(SolutionConfigurationPlatforms) = preSolution
		Debug|Any CPU = Debug|Any CPU
		Release|Any CPU = Release|Any CPU
	EndGlobalSection
	GlobalSection(ProjectConfigurationPlatforms) = postSolution
		{8A43E1C6-4708-4459-8613-0983D506AA6F}.Debug|Any CPU.ActiveCfg = Debug|Any CPU
		{8A43E1C6-4708-4459-8613-0983D506AA6F}.Debug|Any CPU.Build.0 = Debug|Any CPU
		{8A43E1C6-4708-4459-8613-0983D506AA6F}.Release|Any CPU.ActiveCfg = Release|Any CPU
		{8A43E1C6-4708-4459-8613-0983D506AA6F}.Release|Any CPU.Build.0 = Release|Any CPU
		{FC14E90D-FDF6-4CAE-8D01-AFAD48026DF9}.Debug|Any CPU.ActiveCfg = Debug|Any CPU
		{FC14E90D-FDF6-4CAE-8D01-AFAD48026DF9}.Debug|Any CPU.Build.0 = Debug|Any CPU
		{FC14E90D-FDF6-4CAE-8D01-AFAD48026DF9}.Release|Any CPU.ActiveCfg = Release|Any CPU
		{FC14E90D-FDF6-4CAE-8D01-AFAD48026DF9}.Release|Any CPU.Build.0 = Release|Any CPU
	EndGlobalSection
	GlobalSection(SolutionProperties) = preSolution
		HideSolutionNode = FALSE
	EndGlobalSection
	GlobalSection(ExtensibilityGlobals) = postSolution
		SolutionGuid = {A1360C91-222A-4CD6-80CC-239EEE3D4D9F}
	EndGlobalSection
EndGlobal
